
Microsoft Visual Studio Solution File, Format Version 12.00
# Visual Studio 15
VisualStudioVersion = 15.0.27130.2010
MinimumVisualStudioVersion = 10.0.40219.1
Project("{FAE04EC0-301F-11D3-BF4B-00C04F79EFBC}") = "BSRBanking", "BSRBanking\BSRBanking.csproj", "{14F432D3-087D-49B2-A701-FD34C838BDF3}"
	ProjectSection(ProjectDependencies) = postProject
		{6DA3594B-F3B7-427A-BF1A-3C77BFA8881B} = {6DA3594B-F3B7-427A-BF1A-3C77BFA8881B}
	EndProjectSection
EndProject
Project("{FAE04EC0-301F-11D3-BF4B-00C04F79EFBC}") = "BSRBankingService", "BSRBankingService\BSRBankingService.csproj", "{E189EF4F-C252-4C45-9E93-7DEDE2FA0715}"
EndProject
Project("{FAE04EC0-301F-11D3-BF4B-00C04F79EFBC}") = "BSRBankingServiceHost", "BSRBankingServiceHost\BSRBankingServiceHost.csproj", "{6DA3594B-F3B7-427A-BF1A-3C77BFA8881B}"
EndProject
Project("{9A19103F-16F7-4668-BE54-9A1E7A4F7556}") = "BSRBankingDataContract", "BSRBankingDataContract\BSRBankingDataContract.csproj", "{3288A589-A04E-4EB8-8C22-D471D0D087F2}"
EndProject
Project("{FAE04EC0-301F-11D3-BF4B-00C04F79EFBC}") = "BSRBankingDataAccess", "BSRBankingDataAccess\BSRBankingDataAccess.csproj", "{2D70536A-536B-4E52-BF7E-0130C0F816F3}"
EndProject
Project("{FAE04EC0-301F-11D3-BF4B-00C04F79EFBC}") = "BSRBankingRestApi", "BSRBankingRestApi\BSRBankingRestApi.csproj", "{9DC73866-51F6-4AEC-A54E-FE5C7D9A3B40}"
EndProject
Global
	GlobalSection(SolutionConfigurationPlatforms) = preSolution
		Debug|Any CPU = Debug|Any CPU
		Release|Any CPU = Release|Any CPU
	EndGlobalSection
	GlobalSection(ProjectConfigurationPlatforms) = postSolution
		{14F432D3-087D-49B2-A701-FD34C838BDF3}.Debug|Any CPU.ActiveCfg = Debug|Any CPU
		{14F432D3-087D-49B2-A701-FD34C838BDF3}.Debug|Any CPU.Build.0 = Debug|Any CPU
		{14F432D3-087D-49B2-A701-FD34C838BDF3}.Release|Any CPU.ActiveCfg = Release|Any CPU
		{14F432D3-087D-49B2-A701-FD34C838BDF3}.Release|Any CPU.Build.0 = Release|Any CPU
		{E189EF4F-C252-4C45-9E93-7DEDE2FA0715}.Debug|Any CPU.ActiveCfg = Debug|Any CPU
		{E189EF4F-C252-4C45-9E93-7DEDE2FA0715}.Debug|Any CPU.Build.0 = Debug|Any CPU
		{E189EF4F-C252-4C45-9E93-7DEDE2FA0715}.Release|Any CPU.ActiveCfg = Release|Any CPU
		{E189EF4F-C252-4C45-9E93-7DEDE2FA0715}.Release|Any CPU.Build.0 = Release|Any CPU
		{6DA3594B-F3B7-427A-BF1A-3C77BFA8881B}.Debug|Any CPU.ActiveCfg = Debug|Any CPU
		{6DA3594B-F3B7-427A-BF1A-3C77BFA8881B}.Debug|Any CPU.Build.0 = Debug|Any CPU
		{6DA3594B-F3B7-427A-BF1A-3C77BFA8881B}.Release|Any CPU.ActiveCfg = Release|Any CPU
		{6DA3594B-F3B7-427A-BF1A-3C77BFA8881B}.Release|Any CPU.Build.0 = Release|Any CPU
		{3288A589-A04E-4EB8-8C22-D471D0D087F2}.Debug|Any CPU.ActiveCfg = Debug|Any CPU
		{3288A589-A04E-4EB8-8C22-D471D0D087F2}.Debug|Any CPU.Build.0 = Debug|Any CPU
		{3288A589-A04E-4EB8-8C22-D471D0D087F2}.Release|Any CPU.ActiveCfg = Release|Any CPU
		{3288A589-A04E-4EB8-8C22-D471D0D087F2}.Release|Any CPU.Build.0 = Release|Any CPU
		{2D70536A-536B-4E52-BF7E-0130C0F816F3}.Debug|Any CPU.ActiveCfg = Debug|Any CPU
		{2D70536A-536B-4E52-BF7E-0130C0F816F3}.Debug|Any CPU.Build.0 = Debug|Any CPU
		{2D70536A-536B-4E52-BF7E-0130C0F816F3}.Release|Any CPU.ActiveCfg = Release|Any CPU
		{2D70536A-536B-4E52-BF7E-0130C0F816F3}.Release|Any CPU.Build.0 = Release|Any CPU
		{9DC73866-51F6-4AEC-A54E-FE5C7D9A3B40}.Debug|Any CPU.ActiveCfg = Debug|Any CPU
		{9DC73866-51F6-4AEC-A54E-FE5C7D9A3B40}.Debug|Any CPU.Build.0 = Debug|Any CPU
		{9DC73866-51F6-4AEC-A54E-FE5C7D9A3B40}.Release|Any CPU.ActiveCfg = Release|Any CPU
		{9DC73866-51F6-4AEC-A54E-FE5C7D9A3B40}.Release|Any CPU.Build.0 = Release|Any CPU
	EndGlobalSection
	GlobalSection(SolutionProperties) = preSolution
		HideSolutionNode = FALSE
	EndGlobalSection
	GlobalSection(ExtensibilityGlobals) = postSolution
		SolutionGuid = {225B48BA-6E2C-44FA-BCAE-B1CAB516C2A6}
	EndGlobalSection
EndGlobal
